{
  "object": {
    "pins": [
      {
        "package": "WWFortuneWheelView",
        "repositoryURL": "https://github.com/William-Weng/WWFortuneWheelView.git",
        "state": {
          "branch": "main",
          "revision": "05950967656b00c4d7c17c853e5969eb6fd81231",
          "version": null
        }
      },
      {
        "package": "WWPrint",
        "repositoryURL": "https://github.com/William-Weng/WWPrint",
        "state": {
          "branch": null,
          "revision": "e4ad2863717465f224aa676f10a3a7ff1df58f7c",
          "version": "1.0.0"
        }
      }
    ]
  },
  "version": 1
}
